
Microsoft Visual Studio Solution File, Format Version 12.00
# Visual Studio Version 17
VisualStudioVersion = 17.0.31903.59
MinimumVisualStudioVersion = 10.0.40219.1
Project("{FAE04EC0-301F-11D3-BF4B-00C04F79EFBC}") = "Varar.Core", "Varar.Core\Varar.Core.csproj", "{916302ED-9348-4668-B75B-789C18FA964E}"
EndProject
Project("{FAE04EC0-301F-11D3-BF4B-00C04F79EFBC}") = "Varar", "Varar\Varar.csproj", "{565BEAF6-2602-4CD5-8848-9797265A5567}"
EndProject
Project("{FAE04EC0-301F-11D3-BF4B-00C04F79EFBC}") = "Varar.Core.Tests", "Varar.Core.Tests\Varar.Core.Tests.csproj", "{32AD22DA-622A-41AF-A7A8-DD40AB3FF429}"
EndProject
Project("{FAE04EC0-301F-11D3-BF4B-00C04F79EFBC}") = "Varar.Tests", "Varar.Tests\Varar.Tests.csproj", "{9FD57FFA-88E3-4402-AC6D-21AF196BAAED}"
EndProject
Project("{FAE04EC0-301F-11D3-BF4B-00C04F79EFBC}") = "Varar.Config", "Varar.Config\Varar.Config.csproj", "{0EAE92D8-BC71-4780-A1B8-641AEF0DBCC2}"
EndProject
Project("{FAE04EC0-301F-11D3-BF4B-00C04F79EFBC}") = "Varar.Runner", "Varar.Runner\Varar.Runner.csproj", "{FF542ADB-E235-4EA7-A420-160F6FDAA3F8}"
EndProject
Project("{FAE04EC0-301F-11D3-BF4B-00C04F79EFBC}") = "Varar.TestAdapter", "Varar.TestAdapter\Varar.TestAdapter.csproj", "{98C105ED-3A42-4D62-B18E-3EC9C8BE41FB}"
EndProject
Project("{FAE04EC0-301F-11D3-BF4B-00C04F79EFBC}") = "Varar.TestAdapter.Tests", "Varar.TestAdapter.Tests\Varar.TestAdapter.Tests.csproj", "{E57B75B3-4207-4E29-8EA0-754AC8602C3D}"
EndProject
Global
	GlobalSection(SolutionConfigurationPlatforms) = preSolution
		Debug|Any CPU = Debug|Any CPU
		Debug|x64 = Debug|x64
		Debug|x86 = Debug|x86
		Release|Any CPU = Release|Any CPU
		Release|x64 = Release|x64
		Release|x86 = Release|x86
	EndGlobalSection
	GlobalSection(ProjectConfigurationPlatforms) = postSolution
		{916302ED-9348-4668-B75B-789C18FA964E}.Debug|Any CPU.ActiveCfg = Debug|Any CPU
		{916302ED-9348-4668-B75B-789C18FA964E}.Debug|Any CPU.Build.0 = Debug|Any CPU
		{916302ED-9348-4668-B75B-789C18FA964E}.Debug|x64.ActiveCfg = Debug|Any CPU
		{916302ED-9348-4668-B75B-789C18FA964E}.Debug|x64.Build.0 = Debug|Any CPU
		{916302ED-9348-4668-B75B-789C18FA964E}.Debug|x86.ActiveCfg = Debug|Any CPU
		{916302ED-9348-4668-B75B-789C18FA964E}.Debug|x86.Build.0 = Debug|Any CPU
		{916302ED-9348-4668-B75B-789C18FA964E}.Release|Any CPU.ActiveCfg = Release|Any CPU
		{916302ED-9348-4668-B75B-789C18FA964E}.Release|Any CPU.Build.0 = Release|Any CPU
		{916302ED-9348-4668-B75B-789C18FA964E}.Release|x64.ActiveCfg = Release|Any CPU
		{916302ED-9348-4668-B75B-789C18FA964E}.Release|x64.Build.0 = Release|Any CPU
		{916302ED-9348-4668-B75B-789C18FA964E}.Release|x86.ActiveCfg = Release|Any CPU
		{916302ED-9348-4668-B75B-789C18FA964E}.Release|x86.Build.0 = Release|Any CPU
		{565BEAF6-2602-4CD5-8848-9797265A5567}.Debug|Any CPU.ActiveCfg = Debug|Any CPU
		{565BEAF6-2602-4CD5-8848-9797265A5567}.Debug|Any CPU.Build.0 = Debug|Any CPU
		{565BEAF6-2602-4CD5-8848-9797265A5567}.Debug|x64.ActiveCfg = Debug|Any CPU
		{565BEAF6-2602-4CD5-8848-9797265A5567}.Debug|x64.Build.0 = Debug|Any CPU
		{565BEAF6-2602-4CD5-8848-9797265A5567}.Debug|x86.ActiveCfg = Debug|Any CPU
		{565BEAF6-2602-4CD5-8848-9797265A5567}.Debug|x86.Build.0 = Debug|Any CPU
		{565BEAF6-2602-4CD5-8848-9797265A5567}.Release|Any CPU.ActiveCfg = Release|Any CPU
		{565BEAF6-2602-4CD5-8848-9797265A5567}.Release|Any CPU.Build.0 = Release|Any CPU
		{565BEAF6-2602-4CD5-8848-9797265A5567}.Release|x64.ActiveCfg = Release|Any CPU
		{565BEAF6-2602-4CD5-8848-9797265A5567}.Release|x64.Build.0 = Release|Any CPU
		{565BEAF6-2602-4CD5-8848-9797265A5567}.Release|x86.ActiveCfg = Release|Any CPU
		{565BEAF6-2602-4CD5-8848-9797265A5567}.Release|x86.Build.0 = Release|Any CPU
		{32AD22DA-622A-41AF-A7A8-DD40AB3FF429}.Debug|Any CPU.ActiveCfg = Debug|Any CPU
		{32AD22DA-622A-41AF-A7A8-DD40AB3FF429}.Debug|Any CPU.Build.0 = Debug|Any CPU
		{32AD22DA-622A-41AF-A7A8-DD40AB3FF429}.Debug|x64.ActiveCfg = Debug|Any CPU
		{32AD22DA-622A-41AF-A7A8-DD40AB3FF429}.Debug|x64.Build.0 = Debug|Any CPU
		{32AD22DA-622A-41AF-A7A8-DD40AB3FF429}.Debug|x86.ActiveCfg = Debug|Any CPU
		{32AD22DA-622A-41AF-A7A8-DD40AB3FF429}.Debug|x86.Build.0 = Debug|Any CPU
		{32AD22DA-622A-41AF-A7A8-DD40AB3FF429}.Release|Any CPU.ActiveCfg = Release|Any CPU
		{32AD22DA-622A-41AF-A7A8-DD40AB3FF429}.Release|Any CPU.Build.0 = Release|Any CPU
		{32AD22DA-622A-41AF-A7A8-DD40AB3FF429}.Release|x64.ActiveCfg = Release|Any CPU
		{32AD22DA-622A-41AF-A7A8-DD40AB3FF429}.Release|x64.Build.0 = Release|Any CPU
		{32AD22DA-622A-41AF-A7A8-DD40AB3FF429}.Release|x86.ActiveCfg = Release|Any CPU
		{32AD22DA-622A-41AF-A7A8-DD40AB3FF429}.Release|x86.Build.0 = Release|Any CPU
		{9FD57FFA-88E3-4402-AC6D-21AF196BAAED}.Debug|Any CPU.ActiveCfg = Debug|Any CPU
		{9FD57FFA-88E3-4402-AC6D-21AF196BAAED}.Debug|Any CPU.Build.0 = Debug|Any CPU
		{9FD57FFA-88E3-4402-AC6D-21AF196BAAED}.Debug|x64.ActiveCfg = Debug|Any CPU
		{9FD57FFA-88E3-4402-AC6D-21AF196BAAED}.Debug|x64.Build.0 = Debug|Any CPU
		{9FD57FFA-88E3-4402-AC6D-21AF196BAAED}.Debug|x86.ActiveCfg = Debug|Any CPU
		{9FD57FFA-88E3-4402-AC6D-21AF196BAAED}.Debug|x86.Build.0 = Debug|Any CPU
		{9FD57FFA-88E3-4402-AC6D-21AF196BAAED}.Release|Any CPU.ActiveCfg = Release|Any CPU
		{9FD57FFA-88E3-4402-AC6D-21AF196BAAED}.Release|Any CPU.Build.0 = Release|Any CPU
		{9FD57FFA-88E3-4402-AC6D-21AF196BAAED}.Release|x64.ActiveCfg = Release|Any CPU
		{9FD57FFA-88E3-4402-AC6D-21AF196BAAED}.Release|x64.Build.0 = Release|Any CPU
		{9FD57FFA-88E3-4402-AC6D-21AF196BAAED}.Release|x86.ActiveCfg = Release|Any CPU
		{9FD57FFA-88E3-4402-AC6D-21AF196BAAED}.Release|x86.Build.0 = Release|Any CPU
		{0EAE92D8-BC71-4780-A1B8-641AEF0DBCC2}.Debug|Any CPU.ActiveCfg = Debug|Any CPU
		{0EAE92D8-BC71-4780-A1B8-641AEF0DBCC2}.Debug|Any CPU.Build.0 = Debug|Any CPU
		{0EAE92D8-BC71-4780-A1B8-641AEF0DBCC2}.Debug|x64.ActiveCfg = Debug|Any CPU
		{0EAE92D8-BC71-4780-A1B8-641AEF0DBCC2}.Debug|x64.Build.0 = Debug|Any CPU
		{0EAE92D8-BC71-4780-A1B8-641AEF0DBCC2}.Debug|x86.ActiveCfg = Debug|Any CPU
		{0EAE92D8-BC71-4780-A1B8-641AEF0DBCC2}.Debug|x86.Build.0 = Debug|Any CPU
		{0EAE92D8-BC71-4780-A1B8-641AEF0DBCC2}.Release|Any CPU.ActiveCfg = Release|Any CPU
		{0EAE92D8-BC71-4780-A1B8-641AEF0DBCC2}.Release|Any CPU.Build.0 = Release|Any CPU
		{0EAE92D8-BC71-4780-A1B8-641AEF0DBCC2}.Release|x64.ActiveCfg = Release|Any CPU
		{0EAE92D8-BC71-4780-A1B8-641AEF0DBCC2}.Release|x64.Build.0 = Release|Any CPU
		{0EAE92D8-BC71-4780-A1B8-641AEF0DBCC2}.Release|x86.ActiveCfg = Release|Any CPU
		{0EAE92D8-BC71-4780-A1B8-641AEF0DBCC2}.Release|x86.Build.0 = Release|Any CPU
		{FF542ADB-E235-4EA7-A420-160F6FDAA3F8}.Debug|Any CPU.ActiveCfg = Debug|Any CPU
		{FF542ADB-E235-4EA7-A420-160F6FDAA3F8}.Debug|Any CPU.Build.0 = Debug|Any CPU
		{FF542ADB-E235-4EA7-A420-160F6FDAA3F8}.Debug|x64.ActiveCfg = Debug|Any CPU
		{FF542ADB-E235-4EA7-A420-160F6FDAA3F8}.Debug|x64.Build.0 = Debug|Any CPU
		{FF542ADB-E235-4EA7-A420-160F6FDAA3F8}.Debug|x86.ActiveCfg = Debug|Any CPU
		{FF542ADB-E235-4EA7-A420-160F6FDAA3F8}.Debug|x86.Build.0 = Debug|Any CPU
		{FF542ADB-E235-4EA7-A420-160F6FDAA3F8}.Release|Any CPU.ActiveCfg = Release|Any CPU
		{FF542ADB-E235-4EA7-A420-160F6FDAA3F8}.Release|Any CPU.Build.0 = Release|Any CPU
		{FF542ADB-E235-4EA7-A420-160F6FDAA3F8}.Release|x64.ActiveCfg = Release|Any CPU
		{FF542ADB-E235-4EA7-A420-160F6FDAA3F8}.Release|x64.Build.0 = Release|Any CPU
		{FF542ADB-E235-4EA7-A420-160F6FDAA3F8}.Release|x86.ActiveCfg = Release|Any CPU
		{FF542ADB-E235-4EA7-A420-160F6FDAA3F8}.Release|x86.Build.0 = Release|Any CPU
		{98C105ED-3A42-4D62-B18E-3EC9C8BE41FB}.Debug|Any CPU.ActiveCfg = Debug|Any CPU
		{98C105ED-3A42-4D62-B18E-3EC9C8BE41FB}.Debug|Any CPU.Build.0 = Debug|Any CPU
		{98C105ED-3A42-4D62-B18E-3EC9C8BE41FB}.Debug|x64.ActiveCfg = Debug|Any CPU
		{98C105ED-3A42-4D62-B18E-3EC9C8BE41FB}.Debug|x64.Build.0 = Debug|Any CPU
		{98C105ED-3A42-4D62-B18E-3EC9C8BE41FB}.Debug|x86.ActiveCfg = Debug|Any CPU
		{98C105ED-3A42-4D62-B18E-3EC9C8BE41FB}.Debug|x86.Build.0 = Debug|Any CPU
		{98C105ED-3A42-4D62-B18E-3EC9C8BE41FB}.Release|Any CPU.ActiveCfg = Release|Any CPU
		{98C105ED-3A42-4D62-B18E-3EC9C8BE41FB}.Release|Any CPU.Build.0 = Release|Any CPU
		{98C105ED-3A42-4D62-B18E-3EC9C8BE41FB}.Release|x64.ActiveCfg = Release|Any CPU
		{98C105ED-3A42-4D62-B18E-3EC9C8BE41FB}.Release|x64.Build.0 = Release|Any CPU
		{98C105ED-3A42-4D62-B18E-3EC9C8BE41FB}.Release|x86.ActiveCfg = Release|Any CPU
		{98C105ED-3A42-4D62-B18E-3EC9C8BE41FB}.Release|x86.Build.0 = Release|Any CPU
		{E57B75B3-4207-4E29-8EA0-754AC8602C3D}.Debug|Any CPU.ActiveCfg = Debug|Any CPU
		{E57B75B3-4207-4E29-8EA0-754AC8602C3D}.Debug|Any CPU.Build.0 = Debug|Any CPU
		{E57B75B3-4207-4E29-8EA0-754AC8602C3D}.Debug|x64.ActiveCfg = Debug|Any CPU
		{E57B75B3-4207-4E29-8EA0-754AC8602C3D}.Debug|x64.Build.0 = Debug|Any CPU
		{E57B75B3-4207-4E29-8EA0-754AC8602C3D}.Debug|x86.ActiveCfg = Debug|Any CPU
		{E57B75B3-4207-4E29-8EA0-754AC8602C3D}.Debug|x86.Build.0 = Debug|Any CPU
		{E57B75B3-4207-4E29-8EA0-754AC8602C3D}.Release|Any CPU.ActiveCfg = Release|Any CPU
		{E57B75B3-4207-4E29-8EA0-754AC8602C3D}.Release|Any CPU.Build.0 = Release|Any CPU
		{E57B75B3-4207-4E29-8EA0-754AC8602C3D}.Release|x64.ActiveCfg = Release|Any CPU
		{E57B75B3-4207-4E29-8EA0-754AC8602C3D}.Release|x64.Build.0 = Release|Any CPU
		{E57B75B3-4207-4E29-8EA0-754AC8602C3D}.Release|x86.ActiveCfg = Release|Any CPU
		{E57B75B3-4207-4E29-8EA0-754AC8602C3D}.Release|x86.Build.0 = Release|Any CPU
	EndGlobalSection
	GlobalSection(SolutionProperties) = preSolution
		HideSolutionNode = FALSE
	EndGlobalSection
EndGlobal
