
Microsoft Visual Studio Solution File, Format Version 12.00
# Visual Studio Version 17
VisualStudioVersion = 17.0.31903.59
MinimumVisualStudioVersion = 10.0.40219.1
Project("{FAE04EC0-301F-11D3-BF4B-00C04F79EFBC}") = "Varar.Core", "Varar.Core\Varar.Core.csproj", "{916302ED-9348-4668-B75B-789C18FA964E}"
EndProject
Project("{FAE04EC0-301F-11D3-BF4B-00C04F79EFBC}") = "Varar", "Varar\Varar.csproj", "{565BEAF6-2602-4CD5-8848-9797265A5567}"
EndProject
Project("{FAE04EC0-301F-11D3-BF4B-00C04F79EFBC}") = "Varar.Core.Tests", "Varar.Core.Tests\Varar.Core.Tests.csproj", "{32AD22DA-622A-41AF-A7A8-DD40AB3FF429}"
EndProject
Project("{FAE04EC0-301F-11D3-BF4B-00C04F79EFBC}") = "Varar.Tests", "Varar.Tests\Varar.Tests.csproj", "{9FD57FFA-88E3-4402-AC6D-21AF196BAAED}"
EndProject
Project("{FAE04EC0-301F-11D3-BF4B-00C04F79EFBC}") = "Varar.Config", "Varar.Config\Varar.Config.csproj", "{0EAE92D8-BC71-4780-A1B8-641AEF0DBCC2}"
EndProject
Project("{FAE04EC0-301F-11D3-BF4B-00C04F79EFBC}") = "Varar.Runner", "Varar.Runner\Varar.Runner.csproj", "{FF542ADB-E235-4EA7-A420-160F6FDAA3F8}"
EndProject
Global
	GlobalSection(SolutionConfigurationPlatforms) = preSolution
		Debug|Any CPU = Debug|Any CPU
		Release|Any CPU = Release|Any CPU
	EndGlobalSection
	GlobalSection(SolutionProperties) = preSolution
		HideSolutionNode = FALSE
	EndGlobalSection
	GlobalSection(ProjectConfigurationPlatforms) = postSolution
		{916302ED-9348-4668-B75B-789C18FA964E}.Debug|Any CPU.ActiveCfg = Debug|Any CPU
		{916302ED-9348-4668-B75B-789C18FA964E}.Debug|Any CPU.Build.0 = Debug|Any CPU
		{916302ED-9348-4668-B75B-789C18FA964E}.Release|Any CPU.ActiveCfg = Release|Any CPU
		{916302ED-9348-4668-B75B-789C18FA964E}.Release|Any CPU.Build.0 = Release|Any CPU
		{565BEAF6-2602-4CD5-8848-9797265A5567}.Debug|Any CPU.ActiveCfg = Debug|Any CPU
		{565BEAF6-2602-4CD5-8848-9797265A5567}.Debug|Any CPU.Build.0 = Debug|Any CPU
		{565BEAF6-2602-4CD5-8848-9797265A5567}.Release|Any CPU.ActiveCfg = Release|Any CPU
		{565BEAF6-2602-4CD5-8848-9797265A5567}.Release|Any CPU.Build.0 = Release|Any CPU
		{32AD22DA-622A-41AF-A7A8-DD40AB3FF429}.Debug|Any CPU.ActiveCfg = Debug|Any CPU
		{32AD22DA-622A-41AF-A7A8-DD40AB3FF429}.Debug|Any CPU.Build.0 = Debug|Any CPU
		{32AD22DA-622A-41AF-A7A8-DD40AB3FF429}.Release|Any CPU.ActiveCfg = Release|Any CPU
		{32AD22DA-622A-41AF-A7A8-DD40AB3FF429}.Release|Any CPU.Build.0 = Release|Any CPU
		{9FD57FFA-88E3-4402-AC6D-21AF196BAAED}.Debug|Any CPU.ActiveCfg = Debug|Any CPU
		{9FD57FFA-88E3-4402-AC6D-21AF196BAAED}.Debug|Any CPU.Build.0 = Debug|Any CPU
		{9FD57FFA-88E3-4402-AC6D-21AF196BAAED}.Release|Any CPU.ActiveCfg = Release|Any CPU
		{9FD57FFA-88E3-4402-AC6D-21AF196BAAED}.Release|Any CPU.Build.0 = Release|Any CPU
		{0EAE92D8-BC71-4780-A1B8-641AEF0DBCC2}.Debug|Any CPU.ActiveCfg = Debug|Any CPU
		{0EAE92D8-BC71-4780-A1B8-641AEF0DBCC2}.Debug|Any CPU.Build.0 = Debug|Any CPU
		{0EAE92D8-BC71-4780-A1B8-641AEF0DBCC2}.Release|Any CPU.ActiveCfg = Release|Any CPU
		{0EAE92D8-BC71-4780-A1B8-641AEF0DBCC2}.Release|Any CPU.Build.0 = Release|Any CPU
		{FF542ADB-E235-4EA7-A420-160F6FDAA3F8}.Debug|Any CPU.ActiveCfg = Debug|Any CPU
		{FF542ADB-E235-4EA7-A420-160F6FDAA3F8}.Debug|Any CPU.Build.0 = Debug|Any CPU
		{FF542ADB-E235-4EA7-A420-160F6FDAA3F8}.Release|Any CPU.ActiveCfg = Release|Any CPU
		{FF542ADB-E235-4EA7-A420-160F6FDAA3F8}.Release|Any CPU.Build.0 = Release|Any CPU
	EndGlobalSection
EndGlobal
